schema: '2.0'
stages:
  data_ingestion:
    cmd: python3 src/data_ingestion.py
    deps:
    - path: src/data_ingestion.py
      hash: md5
      md5: 3c1ae40192fea41b4067cc68badfb483
      size: 3630
    outs:
    - path: data/raw
      hash: md5
      md5: 6a4d11ab83c20d7412f4696595c0b4d1.dir
      size: 479272
      nfiles: 2
  data_preprocessing:
    cmd: python3 src/data_preprocessing.py
    deps:
    - path: data/raw
      hash: md5
      md5: 6a4d11ab83c20d7412f4696595c0b4d1.dir
      size: 479272
      nfiles: 2
    - path: src/data_preprocessing.py
      hash: md5
      md5: 158130fa3ada2ed96ada460b539d42e9
      size: 3864
    outs:
    - path: data/interim
      hash: md5
      md5: d3f80ea917209a657caed01201ee2780.dir
      size: 254818
      nfiles: 2
  feature_engineering:
    cmd: python3 src/feature_engineering.py
    deps:
    - path: data/interim
      hash: md5
      md5: d3f80ea917209a657caed01201ee2780.dir
      size: 254818
      nfiles: 2
    - path: src/feature_engineering.py
      hash: md5
      md5: dc244a2bd4f59db7f18165c000278daa
      size: 3804
    outs:
    - path: data/processed
      hash: md5
      md5: 32f834201e1ba3ad9fd18c074659c863.dir
      size: 1174770
      nfiles: 2
  model_building:
    cmd: python3 src/model_building.py
    deps:
    - path: data/processed
      hash: md5
      md5: 32f834201e1ba3ad9fd18c074659c863.dir
      size: 1174770
      nfiles: 2
    - path: src/model_building.py
      hash: md5
      md5: b65c93919b5e1b690d4e77ad3ff363b6
      size: 4428
    outs:
    - path: models/model.pkl
      hash: md5
      md5: 8c9faf82cf91c34c9afd28417116890a
      size: 998489
  model_evaluation:
    cmd: python3 src/model_evaluation.py
    deps:
    - path: models/model.pkl
      hash: md5
      md5: 8c9faf82cf91c34c9afd28417116890a
      size: 998489
    - path: src/model_evaluation.py
      hash: md5
      md5: 62ba8a6241098e8e1a55c2481ac8ba3e
      size: 4514
    outs:
    - path: reports/metrics.json
      hash: md5
      md5: b5787b27ec5636c84a4468953782b599
      size: 140
