schema: '2.0'
stages:
  data_ingestion:
    cmd: python3 src/data_ingestion.py
    deps:
    - path: src/data_ingestion.py
      hash: md5
      md5: 9baa17876b2b346905a3398dfbe5933d
      size: 3629
    params:
      params.yaml:
        data_ingestion.test_size: 0.15
    outs:
    - path: data/raw
      hash: md5
      md5: 97961f893362ed56dad75426638e8648.dir
      size: 479272
      nfiles: 2
  data_preprocessing:
    cmd: python3 src/data_preprocessing.py
    deps:
    - path: data/raw
      hash: md5
      md5: 97961f893362ed56dad75426638e8648.dir
      size: 479272
      nfiles: 2
    - path: src/data_preprocessing.py
      hash: md5
      md5: 158130fa3ada2ed96ada460b539d42e9
      size: 3864
    outs:
    - path: data/interim
      hash: md5
      md5: 5a09c6cf2fe8256555852d2f39ac22e9.dir
      size: 253920
      nfiles: 2
  feature_engineering:
    cmd: python3 src/feature_engineering.py
    deps:
    - path: data/interim
      hash: md5
      md5: 5a09c6cf2fe8256555852d2f39ac22e9.dir
      size: 253920
      nfiles: 2
    - path: src/feature_engineering.py
      hash: md5
      md5: 8451976072dc0c7f64ebcae4071777ba
      size: 4351
    params:
      params.yaml:
        feature_engineering.max_features: 45
    outs:
    - path: data/processed
      hash: md5
      md5: 1e3910c48c80196b0a81182bac385cab.dir
      size: 1057224
      nfiles: 2
  model_building:
    cmd: python3 src/model_building.py
    deps:
    - path: data/processed
      hash: md5
      md5: 1e3910c48c80196b0a81182bac385cab.dir
      size: 1057224
      nfiles: 2
    - path: src/model_building.py
      hash: md5
      md5: 7d57976c985367ec10586a2c17297680
      size: 4419
    params:
      params.yaml:
        model_building.n_estimators: 20
        model_building.random_state: 2
    outs:
    - path: models/model.pkl
      hash: md5
      md5: e0448adb923c3bf61fa69aacaaf4f2cf
      size: 812696
  model_evaluation:
    cmd: python3 src/model_evaluation.py
    deps:
    - path: models/model.pkl
      hash: md5
      md5: e0448adb923c3bf61fa69aacaaf4f2cf
      size: 812696
    - path: src/model_evaluation.py
      hash: md5
      md5: 62ba8a6241098e8e1a55c2481ac8ba3e
      size: 4514
    outs:
    - path: reports/metrics.json
      hash: md5
      md5: 00ef81b8a7000e953750365b6739857b
      size: 125
